
Microsoft Visual Studio Solution File, Format Version 12.00
# Visual Studio 15
VisualStudioVersion = 15.0.27004.2009
MinimumVisualStudioVersion = 10.0.40219.1
Project("{FAE04EC0-301F-11D3-BF4B-00C04F79EFBC}") = "ClickThrough.Android", "ClickThrough\ClickThrough.Android\ClickThrough.Android.csproj", "{011A8274-FF42-4B26-A68A-3B52072DC840}"
EndProject
Project("{FAE04EC0-301F-11D3-BF4B-00C04F79EFBC}") = "ClickThrough", "ClickThrough\ClickThrough\ClickThrough.csproj", "{63171673-2D3C-48DA-8A27-4DD08CC87EAD}"
EndProject
Project("{FAE04EC0-301F-11D3-BF4B-00C04F79EFBC}") = "ClickThrough.UWP", "ClickThrough\ClickThrough.UWP\ClickThrough.UWP.csproj", "{02DCA32C-D2A6-48C7-8C6A-59020CB61732}"
EndProject
Project("{FAE04EC0-301F-11D3-BF4B-00C04F79EFBC}") = "ClickThrough.iOS", "ClickThrough\ClickThrough.iOS\ClickThrough.iOS.csproj", "{2A3E3D33-7C15-4D18-98D5-198DE2DAF9A0}"
EndProject
Global
	GlobalSection(SolutionConfigurationPlatforms) = preSolution
		Ad-Hoc|Any CPU = Ad-Hoc|Any CPU
		Ad-Hoc|ARM = Ad-Hoc|ARM
		Ad-Hoc|iPhone = Ad-Hoc|iPhone
		Ad-Hoc|iPhoneSimulator = Ad-Hoc|iPhoneSimulator
		Ad-Hoc|x64 = Ad-Hoc|x64
		Ad-Hoc|x86 = Ad-Hoc|x86
		AppStore|Any CPU = AppStore|Any CPU
		AppStore|ARM = AppStore|ARM
		AppStore|iPhone = AppStore|iPhone
		AppStore|iPhoneSimulator = AppStore|iPhoneSimulator
		AppStore|x64 = AppStore|x64
		AppStore|x86 = AppStore|x86
		Debug|Any CPU = Debug|Any CPU
		Debug|ARM = Debug|ARM
		Debug|iPhone = Debug|iPhone
		Debug|iPhoneSimulator = Debug|iPhoneSimulator
		Debug|x64 = Debug|x64
		Debug|x86 = Debug|x86
		Release|Any CPU = Release|Any CPU
		Release|ARM = Release|ARM
		Release|iPhone = Release|iPhone
		Release|iPhoneSimulator = Release|iPhoneSimulator
		Release|x64 = Release|x64
		Release|x86 = Release|x86
	EndGlobalSection
	GlobalSection(ProjectConfigurationPlatforms) = postSolution
		{011A8274-FF42-4B26-A68A-3B52072DC840}.Ad-Hoc|Any CPU.ActiveCfg = Release|Any CPU
		{011A8274-FF42-4B26-A68A-3B52072DC840}.Ad-Hoc|Any CPU.Build.0 = Release|Any CPU
		{011A8274-FF42-4B26-A68A-3B52072DC840}.Ad-Hoc|Any CPU.Deploy.0 = Release|Any CPU
		{011A8274-FF42-4B26-A68A-3B52072DC840}.Ad-Hoc|ARM.ActiveCfg = Release|Any CPU
		{011A8274-FF42-4B26-A68A-3B52072DC840}.Ad-Hoc|ARM.Build.0 = Release|Any CPU
		{011A8274-FF42-4B26-A68A-3B52072DC840}.Ad-Hoc|ARM.Deploy.0 = Release|Any CPU
		{011A8274-FF42-4B26-A68A-3B52072DC840}.Ad-Hoc|iPhone.ActiveCfg = Release|Any CPU
		{011A8274-FF42-4B26-A68A-3B52072DC840}.Ad-Hoc|iPhone.Build.0 = Release|Any CPU
		{011A8274-FF42-4B26-A68A-3B52072DC840}.Ad-Hoc|iPhone.Deploy.0 = Release|Any CPU
		{011A8274-FF42-4B26-A68A-3B52072DC840}.Ad-Hoc|iPhoneSimulator.ActiveCfg = Release|Any CPU
		{011A8274-FF42-4B26-A68A-3B52072DC840}.Ad-Hoc|iPhoneSimulator.Build.0 = Release|Any CPU
		{011A8274-FF42-4B26-A68A-3B52072DC840}.Ad-Hoc|iPhoneSimulator.Deploy.0 = Release|Any CPU
		{011A8274-FF42-4B26-A68A-3B52072DC840}.Ad-Hoc|x64.ActiveCfg = Release|Any CPU
		{011A8274-FF42-4B26-A68A-3B52072DC840}.Ad-Hoc|x64.Build.0 = Release|Any CPU
		{011A8274-FF42-4B26-A68A-3B52072DC840}.Ad-Hoc|x64.Deploy.0 = Release|Any CPU
		{011A8274-FF42-4B26-A68A-3B52072DC840}.Ad-Hoc|x86.ActiveCfg = Release|Any CPU
		{011A8274-FF42-4B26-A68A-3B52072DC840}.Ad-Hoc|x86.Build.0 = Release|Any CPU
		{011A8274-FF42-4B26-A68A-3B52072DC840}.Ad-Hoc|x86.Deploy.0 = Release|Any CPU
		{011A8274-FF42-4B26-A68A-3B52072DC840}.AppStore|Any CPU.ActiveCfg = Release|Any CPU
		{011A8274-FF42-4B26-A68A-3B52072DC840}.AppStore|Any CPU.Build.0 = Release|Any CPU
		{011A8274-FF42-4B26-A68A-3B52072DC840}.AppStore|Any CPU.Deploy.0 = Release|Any CPU
		{011A8274-FF42-4B26-A68A-3B52072DC840}.AppStore|ARM.ActiveCfg = Release|Any CPU
		{011A8274-FF42-4B26-A68A-3B52072DC840}.AppStore|ARM.Build.0 = Release|Any CPU
		{011A8274-FF42-4B26-A68A-3B52072DC840}.AppStore|ARM.Deploy.0 = Release|Any CPU
		{011A8274-FF42-4B26-A68A-3B52072DC840}.AppStore|iPhone.ActiveCfg = Release|Any CPU
		{011A8274-FF42-4B26-A68A-3B52072DC840}.AppStore|iPhone.Build.0 = Release|Any CPU
		{011A8274-FF42-4B26-A68A-3B52072DC840}.AppStore|iPhone.Deploy.0 = Release|Any CPU
		{011A8274-FF42-4B26-A68A-3B52072DC840}.AppStore|iPhoneSimulator.ActiveCfg = Release|Any CPU
		{011A8274-FF42-4B26-A68A-3B52072DC840}.AppStore|iPhoneSimulator.Build.0 = Release|Any CPU
		{011A8274-FF42-4B26-A68A-3B52072DC840}.AppStore|iPhoneSimulator.Deploy.0 = Release|Any CPU
		{011A8274-FF42-4B26-A68A-3B52072DC840}.AppStore|x64.ActiveCfg = Release|Any CPU
		{011A8274-FF42-4B26-A68A-3B52072DC840}.AppStore|x64.Build.0 = Release|Any CPU
		{011A8274-FF42-4B26-A68A-3B52072DC840}.AppStore|x64.Deploy.0 = Release|Any CPU
		{011A8274-FF42-4B26-A68A-3B52072DC840}.AppStore|x86.ActiveCfg = Release|Any CPU
		{011A8274-FF42-4B26-A68A-3B52072DC840}.AppStore|x86.Build.0 = Release|Any CPU
		{011A8274-FF42-4B26-A68A-3B52072DC840}.AppStore|x86.Deploy.0 = Release|Any CPU
		{011A8274-FF42-4B26-A68A-3B52072DC840}.Debug|Any CPU.ActiveCfg = Debug|Any CPU
		{011A8274-FF42-4B26-A68A-3B52072DC840}.Debug|Any CPU.Build.0 = Debug|Any CPU
		{011A8274-FF42-4B26-A68A-3B52072DC840}.Debug|Any CPU.Deploy.0 = Debug|Any CPU
		{011A8274-FF42-4B26-A68A-3B52072DC840}.Debug|ARM.ActiveCfg = Debug|Any CPU
		{011A8274-FF42-4B26-A68A-3B52072DC840}.Debug|ARM.Build.0 = Debug|Any CPU
		{011A8274-FF42-4B26-A68A-3B52072DC840}.Debug|ARM.Deploy.0 = Debug|Any CPU
		{011A8274-FF42-4B26-A68A-3B52072DC840}.Debug|iPhone.ActiveCfg = Debug|Any CPU
		{011A8274-FF42-4B26-A68A-3B52072DC840}.Debug|iPhone.Build.0 = Debug|Any CPU
		{011A8274-FF42-4B26-A68A-3B52072DC840}.Debug|iPhone.Deploy.0 = Debug|Any CPU
		{011A8274-FF42-4B26-A68A-3B52072DC840}.Debug|iPhoneSimulator.ActiveCfg = Debug|Any CPU
		{011A8274-FF42-4B26-A68A-3B52072DC840}.Debug|iPhoneSimulator.Build.0 = Debug|Any CPU
		{011A8274-FF42-4B26-A68A-3B52072DC840}.Debug|iPhoneSimulator.Deploy.0 = Debug|Any CPU
		{011A8274-FF42-4B26-A68A-3B52072DC840}.Debug|x64.ActiveCfg = Debug|Any CPU
		{011A8274-FF42-4B26-A68A-3B52072DC840}.Debug|x64.Build.0 = Debug|Any CPU
		{011A8274-FF42-4B26-A68A-3B52072DC840}.Debug|x64.Deploy.0 = Debug|Any CPU
		{011A8274-FF42-4B26-A68A-3B52072DC840}.Debug|x86.ActiveCfg = Debug|Any CPU
		{011A8274-FF42-4B26-A68A-3B52072DC840}.Debug|x86.Build.0 = Debug|Any CPU
		{011A8274-FF42-4B26-A68A-3B52072DC840}.Debug|x86.Deploy.0 = Debug|Any CPU
		{011A8274-FF42-4B26-A68A-3B52072DC840}.Release|Any CPU.ActiveCfg = Release|Any CPU
		{011A8274-FF42-4B26-A68A-3B52072DC840}.Release|Any CPU.Build.0 = Release|Any CPU
		{011A8274-FF42-4B26-A68A-3B52072DC840}.Release|Any CPU.Deploy.0 = Release|Any CPU
		{011A8274-FF42-4B26-A68A-3B52072DC840}.Release|ARM.ActiveCfg = Release|Any CPU
		{011A8274-FF42-4B26-A68A-3B52072DC840}.Release|ARM.Build.0 = Release|Any CPU
		{011A8274-FF42-4B26-A68A-3B52072DC840}.Release|ARM.Deploy.0 = Release|Any CPU
		{011A8274-FF42-4B26-A68A-3B52072DC840}.Release|iPhone.ActiveCfg = Release|Any CPU
		{011A8274-FF42-4B26-A68A-3B52072DC840}.Release|iPhone.Build.0 = Release|Any CPU
		{011A8274-FF42-4B26-A68A-3B52072DC840}.Release|iPhone.Deploy.0 = Release|Any CPU
		{011A8274-FF42-4B26-A68A-3B52072DC840}.Release|iPhoneSimulator.ActiveCfg = Release|Any CPU
		{011A8274-FF42-4B26-A68A-3B52072DC840}.Release|iPhoneSimulator.Build.0 = Release|Any CPU
		{011A8274-FF42-4B26-A68A-3B52072DC840}.Release|iPhoneSimulator.Deploy.0 = Release|Any CPU
		{011A8274-FF42-4B26-A68A-3B52072DC840}.Release|x64.ActiveCfg = Release|Any CPU
		{011A8274-FF42-4B26-A68A-3B52072DC840}.Release|x64.Build.0 = Release|Any CPU
		{011A8274-FF42-4B26-A68A-3B52072DC840}.Release|x64.Deploy.0 = Release|Any CPU
		{011A8274-FF42-4B26-A68A-3B52072DC840}.Release|x86.ActiveCfg = Release|Any CPU
		{011A8274-FF42-4B26-A68A-3B52072DC840}.Release|x86.Build.0 = Release|Any CPU
		{011A8274-FF42-4B26-A68A-3B52072DC840}.Release|x86.Deploy.0 = Release|Any CPU
		{63171673-2D3C-48DA-8A27-4DD08CC87EAD}.Ad-Hoc|Any CPU.ActiveCfg = Release|Any CPU
		{63171673-2D3C-48DA-8A27-4DD08CC87EAD}.Ad-Hoc|Any CPU.Build.0 = Release|Any CPU
		{63171673-2D3C-48DA-8A27-4DD08CC87EAD}.Ad-Hoc|ARM.ActiveCfg = Release|Any CPU
		{63171673-2D3C-48DA-8A27-4DD08CC87EAD}.Ad-Hoc|ARM.Build.0 = Release|Any CPU
		{63171673-2D3C-48DA-8A27-4DD08CC87EAD}.Ad-Hoc|iPhone.ActiveCfg = Release|Any CPU
		{63171673-2D3C-48DA-8A27-4DD08CC87EAD}.Ad-Hoc|iPhone.Build.0 = Release|Any CPU
		{63171673-2D3C-48DA-8A27-4DD08CC87EAD}.Ad-Hoc|iPhoneSimulator.ActiveCfg = Release|Any CPU
		{63171673-2D3C-48DA-8A27-4DD08CC87EAD}.Ad-Hoc|iPhoneSimulator.Build.0 = Release|Any CPU
		{63171673-2D3C-48DA-8A27-4DD08CC87EAD}.Ad-Hoc|x64.ActiveCfg = Release|Any CPU
		{63171673-2D3C-48DA-8A27-4DD08CC87EAD}.Ad-Hoc|x64.Build.0 = Release|Any CPU
		{63171673-2D3C-48DA-8A27-4DD08CC87EAD}.Ad-Hoc|x86.ActiveCfg = Release|Any CPU
		{63171673-2D3C-48DA-8A27-4DD08CC87EAD}.Ad-Hoc|x86.Build.0 = Release|Any CPU
		{63171673-2D3C-48DA-8A27-4DD08CC87EAD}.AppStore|Any CPU.ActiveCfg = Release|Any CPU
		{63171673-2D3C-48DA-8A27-4DD08CC87EAD}.AppStore|Any CPU.Build.0 = Release|Any CPU
		{63171673-2D3C-48DA-8A27-4DD08CC87EAD}.AppStore|ARM.ActiveCfg = Release|Any CPU
		{63171673-2D3C-48DA-8A27-4DD08CC87EAD}.AppStore|ARM.Build.0 = Release|Any CPU
		{63171673-2D3C-48DA-8A27-4DD08CC87EAD}.AppStore|iPhone.ActiveCfg = Release|Any CPU
		{63171673-2D3C-48DA-8A27-4DD08CC87EAD}.AppStore|iPhone.Build.0 = Release|Any CPU
		{63171673-2D3C-48DA-8A27-4DD08CC87EAD}.AppStore|iPhoneSimulator.ActiveCfg = Release|Any CPU
		{63171673-2D3C-48DA-8A27-4DD08CC87EAD}.AppStore|iPhoneSimulator.Build.0 = Release|Any CPU
		{63171673-2D3C-48DA-8A27-4DD08CC87EAD}.AppStore|x64.ActiveCfg = Release|Any CPU
		{63171673-2D3C-48DA-8A27-4DD08CC87EAD}.AppStore|x64.Build.0 = Release|Any CPU
		{63171673-2D3C-48DA-8A27-4DD08CC87EAD}.AppStore|x86.ActiveCfg = Release|Any CPU
		{63171673-2D3C-48DA-8A27-4DD08CC87EAD}.AppStore|x86.Build.0 = Release|Any CPU
		{63171673-2D3C-48DA-8A27-4DD08CC87EAD}.Debug|Any CPU.ActiveCfg = Debug|Any CPU
		{63171673-2D3C-48DA-8A27-4DD08CC87EAD}.Debug|Any CPU.Build.0 = Debug|Any CPU
		{63171673-2D3C-48DA-8A27-4DD08CC87EAD}.Debug|ARM.ActiveCfg = Debug|Any CPU
		{63171673-2D3C-48DA-8A27-4DD08CC87EAD}.Debug|ARM.Build.0 = Debug|Any CPU
		{63171673-2D3C-48DA-8A27-4DD08CC87EAD}.Debug|iPhone.ActiveCfg = Debug|Any CPU
		{63171673-2D3C-48DA-8A27-4DD08CC87EAD}.Debug|iPhone.Build.0 = Debug|Any CPU
		{63171673-2D3C-48DA-8A27-4DD08CC87EAD}.Debug|iPhoneSimulator.ActiveCfg = Debug|Any CPU
		{63171673-2D3C-48DA-8A27-4DD08CC87EAD}.Debug|iPhoneSimulator.Build.0 = Debug|Any CPU
		{63171673-2D3C-48DA-8A27-4DD08CC87EAD}.Debug|x64.ActiveCfg = Debug|Any CPU
		{63171673-2D3C-48DA-8A27-4DD08CC87EAD}.Debug|x64.Build.0 = Debug|Any CPU
		{63171673-2D3C-48DA-8A27-4DD08CC87EAD}.Debug|x86.ActiveCfg = Debug|Any CPU
		{63171673-2D3C-48DA-8A27-4DD08CC87EAD}.Debug|x86.Build.0 = Debug|Any CPU
		{63171673-2D3C-48DA-8A27-4DD08CC87EAD}.Release|Any CPU.ActiveCfg = Release|Any CPU
		{63171673-2D3C-48DA-8A27-4DD08CC87EAD}.Release|Any CPU.Build.0 = Release|Any CPU
		{63171673-2D3C-48DA-8A27-4DD08CC87EAD}.Release|ARM.ActiveCfg = Release|Any CPU
		{63171673-2D3C-48DA-8A27-4DD08CC87EAD}.Release|ARM.Build.0 = Release|Any CPU
		{63171673-2D3C-48DA-8A27-4DD08CC87EAD}.Release|iPhone.ActiveCfg = Release|Any CPU
		{63171673-2D3C-48DA-8A27-4DD08CC87EAD}.Release|iPhone.Build.0 = Release|Any CPU
		{63171673-2D3C-48DA-8A27-4DD08CC87EAD}.Release|iPhoneSimulator.ActiveCfg = Release|Any CPU
		{63171673-2D3C-48DA-8A27-4DD08CC87EAD}.Release|iPhoneSimulator.Build.0 = Release|Any CPU
		{63171673-2D3C-48DA-8A27-4DD08CC87EAD}.Release|x64.ActiveCfg = Release|Any CPU
		{63171673-2D3C-48DA-8A27-4DD08CC87EAD}.Release|x64.Build.0 = Release|Any CPU
		{63171673-2D3C-48DA-8A27-4DD08CC87EAD}.Release|x86.ActiveCfg = Release|Any CPU
		{63171673-2D3C-48DA-8A27-4DD08CC87EAD}.Release|x86.Build.0 = Release|Any CPU
		{02DCA32C-D2A6-48C7-8C6A-59020CB61732}.Ad-Hoc|Any CPU.ActiveCfg = Release|x86
		{02DCA32C-D2A6-48C7-8C6A-59020CB61732}.Ad-Hoc|Any CPU.Build.0 = Release|x86
		{02DCA32C-D2A6-48C7-8C6A-59020CB61732}.Ad-Hoc|Any CPU.Deploy.0 = Release|x86
		{02DCA32C-D2A6-48C7-8C6A-59020CB61732}.Ad-Hoc|ARM.ActiveCfg = Release|ARM
		{02DCA32C-D2A6-48C7-8C6A-59020CB61732}.Ad-Hoc|ARM.Build.0 = Release|ARM
		{02DCA32C-D2A6-48C7-8C6A-59020CB61732}.Ad-Hoc|ARM.Deploy.0 = Release|ARM
		{02DCA32C-D2A6-48C7-8C6A-59020CB61732}.Ad-Hoc|iPhone.ActiveCfg = Release|x86
		{02DCA32C-D2A6-48C7-8C6A-59020CB61732}.Ad-Hoc|iPhone.Build.0 = Release|x86
		{02DCA32C-D2A6-48C7-8C6A-59020CB61732}.Ad-Hoc|iPhone.Deploy.0 = Release|x86
		{02DCA32C-D2A6-48C7-8C6A-59020CB61732}.Ad-Hoc|iPhoneSimulator.ActiveCfg = Release|x86
		{02DCA32C-D2A6-48C7-8C6A-59020CB61732}.Ad-Hoc|iPhoneSimulator.Build.0 = Release|x86
		{02DCA32C-D2A6-48C7-8C6A-59020CB61732}.Ad-Hoc|iPhoneSimulator.Deploy.0 = Release|x86
		{02DCA32C-D2A6-48C7-8C6A-59020CB61732}.Ad-Hoc|x64.ActiveCfg = Release|x64
		{02DCA32C-D2A6-48C7-8C6A-59020CB61732}.Ad-Hoc|x64.Build.0 = Release|x64
		{02DCA32C-D2A6-48C7-8C6A-59020CB61732}.Ad-Hoc|x64.Deploy.0 = Release|x64
		{02DCA32C-D2A6-48C7-8C6A-59020CB61732}.Ad-Hoc|x86.ActiveCfg = Release|x86
		{02DCA32C-D2A6-48C7-8C6A-59020CB61732}.Ad-Hoc|x86.Build.0 = Release|x86
		{02DCA32C-D2A6-48C7-8C6A-59020CB61732}.Ad-Hoc|x86.Deploy.0 = Release|x86
		{02DCA32C-D2A6-48C7-8C6A-59020CB61732}.AppStore|Any CPU.ActiveCfg = Release|x86
		{02DCA32C-D2A6-48C7-8C6A-59020CB61732}.AppStore|Any CPU.Build.0 = Release|x86
		{02DCA32C-D2A6-48C7-8C6A-59020CB61732}.AppStore|Any CPU.Deploy.0 = Release|x86
		{02DCA32C-D2A6-48C7-8C6A-59020CB61732}.AppStore|ARM.ActiveCfg = Release|ARM
		{02DCA32C-D2A6-48C7-8C6A-59020CB61732}.AppStore|ARM.Build.0 = Release|ARM
		{02DCA32C-D2A6-48C7-8C6A-59020CB61732}.AppStore|ARM.Deploy.0 = Release|ARM
		{02DCA32C-D2A6-48C7-8C6A-59020CB61732}.AppStore|iPhone.ActiveCfg = Release|x86
		{02DCA32C-D2A6-48C7-8C6A-59020CB61732}.AppStore|iPhone.Build.0 = Release|x86
		{02DCA32C-D2A6-48C7-8C6A-59020CB61732}.AppStore|iPhone.Deploy.0 = Release|x86
		{02DCA32C-D2A6-48C7-8C6A-59020CB61732}.AppStore|iPhoneSimulator.ActiveCfg = Release|x86
		{02DCA32C-D2A6-48C7-8C6A-59020CB61732}.AppStore|iPhoneSimulator.Build.0 = Release|x86
		{02DCA32C-D2A6-48C7-8C6A-59020CB61732}.AppStore|iPhoneSimulator.Deploy.0 = Release|x86
		{02DCA32C-D2A6-48C7-8C6A-59020CB61732}.AppStore|x64.ActiveCfg = Release|x64
		{02DCA32C-D2A6-48C7-8C6A-59020CB61732}.AppStore|x64.Build.0 = Release|x64
		{02DCA32C-D2A6-48C7-8C6A-59020CB61732}.AppStore|x64.Deploy.0 = Release|x64
		{02DCA32C-D2A6-48C7-8C6A-59020CB61732}.AppStore|x86.ActiveCfg = Release|x86
		{02DCA32C-D2A6-48C7-8C6A-59020CB61732}.AppStore|x86.Build.0 = Release|x86
		{02DCA32C-D2A6-48C7-8C6A-59020CB61732}.AppStore|x86.Deploy.0 = Release|x86
		{02DCA32C-D2A6-48C7-8C6A-59020CB61732}.Debug|Any CPU.ActiveCfg = Debug|x86
		{02DCA32C-D2A6-48C7-8C6A-59020CB61732}.Debug|ARM.ActiveCfg = Debug|ARM
		{02DCA32C-D2A6-48C7-8C6A-59020CB61732}.Debug|ARM.Build.0 = Debug|ARM
		{02DCA32C-D2A6-48C7-8C6A-59020CB61732}.Debug|ARM.Deploy.0 = Debug|ARM
		{02DCA32C-D2A6-48C7-8C6A-59020CB61732}.Debug|iPhone.ActiveCfg = Debug|x86
		{02DCA32C-D2A6-48C7-8C6A-59020CB61732}.Debug|iPhoneSimulator.ActiveCfg = Debug|x86
		{02DCA32C-D2A6-48C7-8C6A-59020CB61732}.Debug|x64.ActiveCfg = Debug|x64
		{02DCA32C-D2A6-48C7-8C6A-59020CB61732}.Debug|x64.Build.0 = Debug|x64
		{02DCA32C-D2A6-48C7-8C6A-59020CB61732}.Debug|x64.Deploy.0 = Debug|x64
		{02DCA32C-D2A6-48C7-8C6A-59020CB61732}.Debug|x86.ActiveCfg = Debug|x86
		{02DCA32C-D2A6-48C7-8C6A-59020CB61732}.Debug|x86.Build.0 = Debug|x86
		{02DCA32C-D2A6-48C7-8C6A-59020CB61732}.Debug|x86.Deploy.0 = Debug|x86
		{02DCA32C-D2A6-48C7-8C6A-59020CB61732}.Release|Any CPU.ActiveCfg = Release|x86
		{02DCA32C-D2A6-48C7-8C6A-59020CB61732}.Release|ARM.ActiveCfg = Release|ARM
		{02DCA32C-D2A6-48C7-8C6A-59020CB61732}.Release|ARM.Build.0 = Release|ARM
		{02DCA32C-D2A6-48C7-8C6A-59020CB61732}.Release|ARM.Deploy.0 = Release|ARM
		{02DCA32C-D2A6-48C7-8C6A-59020CB61732}.Release|iPhone.ActiveCfg = Release|x86
		{02DCA32C-D2A6-48C7-8C6A-59020CB61732}.Release|iPhoneSimulator.ActiveCfg = Release|x86
		{02DCA32C-D2A6-48C7-8C6A-59020CB61732}.Release|x64.ActiveCfg = Release|x64
		{02DCA32C-D2A6-48C7-8C6A-59020CB61732}.Release|x64.Build.0 = Release|x64
		{02DCA32C-D2A6-48C7-8C6A-59020CB61732}.Release|x64.Deploy.0 = Release|x64
		{02DCA32C-D2A6-48C7-8C6A-59020CB61732}.Release|x86.ActiveCfg = Release|x86
		{02DCA32C-D2A6-48C7-8C6A-59020CB61732}.Release|x86.Build.0 = Release|x86
		{02DCA32C-D2A6-48C7-8C6A-59020CB61732}.Release|x86.Deploy.0 = Release|x86
		{2A3E3D33-7C15-4D18-98D5-198DE2DAF9A0}.Ad-Hoc|Any CPU.ActiveCfg = Ad-Hoc|iPhoneSimulator
		{2A3E3D33-7C15-4D18-98D5-198DE2DAF9A0}.Ad-Hoc|ARM.ActiveCfg = Ad-Hoc|iPhone
		{2A3E3D33-7C15-4D18-98D5-198DE2DAF9A0}.Ad-Hoc|iPhone.ActiveCfg = Ad-Hoc|iPhone
		{2A3E3D33-7C15-4D18-98D5-198DE2DAF9A0}.Ad-Hoc|iPhone.Build.0 = Ad-Hoc|iPhone
		{2A3E3D33-7C15-4D18-98D5-198DE2DAF9A0}.Ad-Hoc|iPhoneSimulator.ActiveCfg = Ad-Hoc|iPhoneSimulator
		{2A3E3D33-7C15-4D18-98D5-198DE2DAF9A0}.Ad-Hoc|iPhoneSimulator.Build.0 = Ad-Hoc|iPhoneSimulator
		{2A3E3D33-7C15-4D18-98D5-198DE2DAF9A0}.Ad-Hoc|x64.ActiveCfg = Ad-Hoc|iPhone
		{2A3E3D33-7C15-4D18-98D5-198DE2DAF9A0}.Ad-Hoc|x86.ActiveCfg = Ad-Hoc|iPhone
		{2A3E3D33-7C15-4D18-98D5-198DE2DAF9A0}.AppStore|Any CPU.ActiveCfg = AppStore|iPhoneSimulator
		{2A3E3D33-7C15-4D18-98D5-198DE2DAF9A0}.AppStore|ARM.ActiveCfg = AppStore|iPhone
		{2A3E3D33-7C15-4D18-98D5-198DE2DAF9A0}.AppStore|iPhone.ActiveCfg = AppStore|iPhone
		{2A3E3D33-7C15-4D18-98D5-198DE2DAF9A0}.AppStore|iPhone.Build.0 = AppStore|iPhone
		{2A3E3D33-7C15-4D18-98D5-198DE2DAF9A0}.AppStore|iPhoneSimulator.ActiveCfg = AppStore|iPhoneSimulator
		{2A3E3D33-7C15-4D18-98D5-198DE2DAF9A0}.AppStore|iPhoneSimulator.Build.0 = AppStore|iPhoneSimulator
		{2A3E3D33-7C15-4D18-98D5-198DE2DAF9A0}.AppStore|x64.ActiveCfg = AppStore|iPhone
		{2A3E3D33-7C15-4D18-98D5-198DE2DAF9A0}.AppStore|x86.ActiveCfg = AppStore|iPhone
		{2A3E3D33-7C15-4D18-98D5-198DE2DAF9A0}.Debug|Any CPU.ActiveCfg = Debug|iPhoneSimulator
		{2A3E3D33-7C15-4D18-98D5-198DE2DAF9A0}.Debug|ARM.ActiveCfg = Debug|iPhone
		{2A3E3D33-7C15-4D18-98D5-198DE2DAF9A0}.Debug|iPhone.ActiveCfg = Debug|iPhone
		{2A3E3D33-7C15-4D18-98D5-198DE2DAF9A0}.Debug|iPhone.Build.0 = Debug|iPhone
		{2A3E3D33-7C15-4D18-98D5-198DE2DAF9A0}.Debug|iPhoneSimulator.ActiveCfg = Debug|iPhoneSimulator
		{2A3E3D33-7C15-4D18-98D5-198DE2DAF9A0}.Debug|iPhoneSimulator.Build.0 = Debug|iPhoneSimulator
		{2A3E3D33-7C15-4D18-98D5-198DE2DAF9A0}.Debug|x64.ActiveCfg = Debug|iPhone
		{2A3E3D33-7C15-4D18-98D5-198DE2DAF9A0}.Debug|x86.ActiveCfg = Debug|iPhone
		{2A3E3D33-7C15-4D18-98D5-198DE2DAF9A0}.Release|Any CPU.ActiveCfg = Release|iPhoneSimulator
		{2A3E3D33-7C15-4D18-98D5-198DE2DAF9A0}.Release|ARM.ActiveCfg = Release|iPhone
		{2A3E3D33-7C15-4D18-98D5-198DE2DAF9A0}.Release|iPhone.ActiveCfg = Release|iPhone
		{2A3E3D33-7C15-4D18-98D5-198DE2DAF9A0}.Release|iPhone.Build.0 = Release|iPhone
		{2A3E3D33-7C15-4D18-98D5-198DE2DAF9A0}.Release|iPhoneSimulator.ActiveCfg = Release|iPhoneSimulator
		{2A3E3D33-7C15-4D18-98D5-198DE2DAF9A0}.Release|iPhoneSimulator.Build.0 = Release|iPhoneSimulator
		{2A3E3D33-7C15-4D18-98D5-198DE2DAF9A0}.Release|x64.ActiveCfg = Release|iPhone
		{2A3E3D33-7C15-4D18-98D5-198DE2DAF9A0}.Release|x86.ActiveCfg = Release|iPhone
	EndGlobalSection
	GlobalSection(SolutionProperties) = preSolution
		HideSolutionNode = FALSE
	EndGlobalSection
	GlobalSection(ExtensibilityGlobals) = postSolution
		SolutionGuid = {21624F92-5CA2-41D6-8325-AE0330A49955}
	EndGlobalSection
EndGlobal
